// !$*UTF8*$!
{
	archiveVersion = 1;
	classes = {
	};
	objectVersion = 46;
	objects = {

/* Begin PBXBuildFile section */
		C976D9A919BD02AD008F21B9 /* Foundation.framework in Frameworks */ = {isa = PBXBuildFile; fileRef = C976D9A819BD02AD008F21B9 /* Foundation.framework */; };
		C976D9AB19BD02AD008F21B9 /* CoreGraphics.framework in Frameworks */ = {isa = PBXBuildFile; fileRef = C976D9AA19BD02AD008F21B9 /* CoreGraphics.framework */; };
		C976D9AD19BD02AD008F21B9 /* UIKit.framework in Frameworks */ = {isa = PBXBuildFile; fileRef = C976D9AC19BD02AD008F21B9 /* UIKit.framework */; };
		C976D9B319BD02AD008F21B9 /* InfoPlist.strings in Resources */ = {isa = PBXBuildFile; fileRef = C976D9B119BD02AD008F21B9 /* InfoPlist.strings */; };
		C976D9B519BD02AD008F21B9 /* main.m in Sources */ = {isa = PBXBuildFile; fileRef = C976D9B419BD02AD008F21B9 /* main.m */; };
		C976D9B919BD02AD008F21B9 /* MPSAppDelegate.m in Sources */ = {isa = PBXBuildFile; fileRef = C976D9B819BD02AD008F21B9 /* MPSAppDelegate.m */; };
		C976D9BC19BD02AD008F21B9 /* Main_iPhone.storyboard in Resources */ = {isa = PBXBuildFile; fileRef = C976D9BA19BD02AD008F21B9 /* Main_iPhone.storyboard */; };
		C976D9BF19BD02AD008F21B9 /* Main_iPad.storyboard in Resources */ = {isa = PBXBuildFile; fileRef = C976D9BD19BD02AD008F21B9 /* Main_iPad.storyboard */; };
		C976D9C219BD02AD008F21B9 /* MPSViewController.m in Sources */ = {isa = PBXBuildFile; fileRef = C976D9C119BD02AD008F21B9 /* MPSViewController.m */; };
		C976D9C419BD02AD008F21B9 /* Images.xcassets in Resources */ = {isa = PBXBuildFile; fileRef = C976D9C319BD02AD008F21B9 /* Images.xcassets */; };
		C976D9CB19BD02AE008F21B9 /* XCTest.framework in Frameworks */ = {isa = PBXBuildFile; fileRef = C976D9CA19BD02AE008F21B9 /* XCTest.framework */; };
		C976D9CC19BD02AE008F21B9 /* Foundation.framework in Frameworks */ = {isa = PBXBuildFile; fileRef = C976D9A819BD02AD008F21B9 /* Foundation.framework */; };
		C976D9CD19BD02AE008F21B9 /* UIKit.framework in Frameworks */ = {isa = PBXBuildFile; fileRef = C976D9AC19BD02AD008F21B9 /* UIKit.framework */; };
		C976D9D519BD02AE008F21B9 /* InfoPlist.strings in Resources */ = {isa = PBXBuildFile; fileRef = C976D9D319BD02AE008F21B9 /* InfoPlist.strings */; };
		C976D9D719BD02AE008F21B9 /* SWAGLibraryTests.m in Sources */ = {isa = PBXBuildFile; fileRef = C976D9D619BD02AE008F21B9 /* SWAGLibraryTests.m */; };
/* End PBXBuildFile section */

/* Begin PBXContainerItemProxy section */
		C976D9CE19BD02AE008F21B9 /* PBXContainerItemProxy */ = {
			isa = PBXContainerItemProxy;
			containerPortal = C976D99D19BD02AD008F21B9 /* Project object */;
			proxyType = 1;
			remoteGlobalIDString = C976D9A419BD02AD008F21B9;
			remoteInfo = SWAGLibrary;
		};
/* End PBXContainerItemProxy section */

/* Begin PBXFileReference section */
		C976D9A519BD02AD008F21B9 /* SWAGLibrary.app */ = {isa = PBXFileReference; explicitFileType = wrapper.application; includeInIndex = 0; path = SWAGLibrary.app; sourceTree = BUILT_PRODUCTS_DIR; };
		C976D9A819BD02AD008F21B9 /* Foundation.framework */ = {isa = PBXFileReference; lastKnownFileType = wrapper.framework; name = Foundation.framework; path = System/Library/Frameworks/Foundation.framework; sourceTree = SDKROOT; };
		C976D9AA19BD02AD008F21B9 /* CoreGraphics.framework */ = {isa = PBXFileReference; lastKnownFileType = wrapper.framework; name = CoreGraphics.framework; path = System/Library/Frameworks/CoreGraphics.framework; sourceTree = SDKROOT; };
		C976D9AC19BD02AD008F21B9 /* UIKit.framework */ = {isa = PBXFileReference; lastKnownFileType = wrapper.framework; name = UIKit.framework; path = System/Library/Frameworks/UIKit.framework; sourceTree = SDKROOT; };
		C976D9B019BD02AD008F21B9 /* SWAGLibrary-Info.plist */ = {isa = PBXFileReference; lastKnownFileType = text.plist.xml; path = "SWAGLibrary-Info.plist"; sourceTree = "<group>"; };
		C976D9B219BD02AD008F21B9 /* en */ = {isa = PBXFileReference; lastKnownFileType = text.plist.strings; name = en; path = en.lproj/InfoPlist.strings; sourceTree = "<group>"; };
		C976D9B419BD02AD008F21B9 /* main.m */ = {isa = PBXFileReference; lastKnownFileType = sourcecode.c.objc; path = main.m; sourceTree = "<group>"; };
		C976D9B619BD02AD008F21B9 /* SWAGLibrary-Prefix.pch */ = {isa = PBXFileReference; lastKnownFileType = sourcecode.c.h; path = "SWAGLibrary-Prefix.pch"; sourceTree = "<group>"; };
		C976D9B719BD02AD008F21B9 /* MPSAppDelegate.h */ = {isa = PBXFileReference; lastKnownFileType = sourcecode.c.h; path = MPSAppDelegate.h; sourceTree = "<group>"; };
		C976D9B819BD02AD008F21B9 /* MPSAppDelegate.m */ = {isa = PBXFileReference; lastKnownFileType = sourcecode.c.objc; path = MPSAppDelegate.m; sourceTree = "<group>"; };
		C976D9BB19BD02AD008F21B9 /* Base */ = {isa = PBXFileReference; lastKnownFileType = file.storyboard; name = Base; path = Base.lproj/Main_iPhone.storyboard; sourceTree = "<group>"; };
		C976D9BE19BD02AD008F21B9 /* Base */ = {isa = PBXFileReference; lastKnownFileType = file.storyboard; name = Base; path = Base.lproj/Main_iPad.storyboard; sourceTree = "<group>"; };
		C976D9C019BD02AD008F21B9 /* MPSViewController.h */ = {isa = PBXFileReference; lastKnownFileType = sourcecode.c.h; path = MPSViewController.h; sourceTree = "<group>"; };
		C976D9C119BD02AD008F21B9 /* MPSViewController.m */ = {isa = PBXFileReference; lastKnownFileType = sourcecode.c.objc; path = MPSViewController.m; sourceTree = "<group>"; };
		C976D9C319BD02AD008F21B9 /* Images.xcassets */ = {isa = PBXFileReference; lastKnownFileType = folder.assetcatalog; path = Images.xcassets; sourceTree = "<group>"; };
		C976D9C919BD02AE008F21B9 /* SWAGLibraryTests.xctest */ = {isa = PBXFileReference; explicitFileType = wrapper.cfbundle; includeInIndex = 0; path = SWAGLibraryTests.xctest; sourceTree = BUILT_PRODUCTS_DIR; };
		C976D9CA19BD02AE008F21B9 /* XCTest.framework */ = {isa = PBXFileReference; lastKnownFileType = wrapper.framework; name = XCTest.framework; path = Library/Frameworks/XCTest.framework; sourceTree = DEVELOPER_DIR; };
		C976D9D219BD02AE008F21B9 /* SWAGLibraryTests-Info.plist */ = {isa = PBXFileReference; lastKnownFileType = text.plist.xml; path = "SWAGLibraryTests-Info.plist"; sourceTree = "<group>"; };
		C976D9D419BD02AE008F21B9 /* en */ = {isa = PBXFileReference; lastKnownFileType = text.plist.strings; name = en; path = en.lproj/InfoPlist.strings; sourceTree = "<group>"; };
		C976D9D619BD02AE008F21B9 /* SWAGLibraryTests.m */ = {isa = PBXFileReference; lastKnownFileType = sourcecode.c.objc; path = SWAGLibraryTests.m; sourceTree = "<group>"; };
/* End PBXFileReference section */

/* Begin PBXFrameworksBuildPhase section */
		C976D9A219BD02AD008F21B9 /* Frameworks */ = {
			isa = PBXFrameworksBuildPhase;
			buildActionMask = 2147483647;
			files = (
				C976D9AB19BD02AD008F21B9 /* CoreGraphics.framework in Frameworks */,
				C976D9AD19BD02AD008F21B9 /* UIKit.framework in Frameworks */,
				C976D9A919BD02AD008F21B9 /* Foundation.framework in Frameworks */,
			);
			runOnlyForDeploymentPostprocessing = 0;
		};
		C976D9C619BD02AE008F21B9 /* Frameworks */ = {
			isa = PBXFrameworksBuildPhase;
			buildActionMask = 2147483647;
			files = (
				C976D9CB19BD02AE008F21B9 /* XCTest.framework in Frameworks */,
				C976D9CD19BD02AE008F21B9 /* UIKit.framework in Frameworks */,
				C976D9CC19BD02AE008F21B9 /* Foundation.framework in Frameworks */,
			);
			runOnlyForDeploymentPostprocessing = 0;
		};
/* End PBXFrameworksBuildPhase section */

/* Begin PBXGroup section */
		C976D99C19BD02AD008F21B9 = {
			isa = PBXGroup;
			children = (
				C976D9AE19BD02AD008F21B9 /* SWAGLibrary */,
				C976D9D019BD02AE008F21B9 /* SWAGLibraryTests */,
				C976D9A719BD02AD008F21B9 /* Frameworks */,
				C976D9A619BD02AD008F21B9 /* Products */,
			);
			sourceTree = "<group>";
		};
		C976D9A619BD02AD008F21B9 /* Products */ = {
			isa = PBXGroup;
			children = (
				C976D9A519BD02AD008F21B9 /* SWAGLibrary.app */,
				C976D9C919BD02AE008F21B9 /* SWAGLibraryTests.xctest */,
			);
			name = Products;
			sourceTree = "<group>";
		};
		C976D9A719BD02AD008F21B9 /* Frameworks */ = {
			isa = PBXGroup;
			children = (
				C976D9A819BD02AD008F21B9 /* Foundation.framework */,
				C976D9AA19BD02AD008F21B9 /* CoreGraphics.framework */,
				C976D9AC19BD02AD008F21B9 /* UIKit.framework */,
				C976D9CA19BD02AE008F21B9 /* XCTest.framework */,
			);
			name = Frameworks;
			sourceTree = "<group>";
		};
		C976D9AE19BD02AD008F21B9 /* SWAGLibrary */ = {
			isa = PBXGroup;
			children = (
				C976D9B719BD02AD008F21B9 /* MPSAppDelegate.h */,
				C976D9B819BD02AD008F21B9 /* MPSAppDelegate.m */,
				C976D9BA19BD02AD008F21B9 /* Main_iPhone.storyboard */,
				C976D9BD19BD02AD008F21B9 /* Main_iPad.storyboard */,
				C976D9C019BD02AD008F21B9 /* MPSViewController.h */,
				C976D9C119BD02AD008F21B9 /* MPSViewController.m */,
				C976D9C319BD02AD008F21B9 /* Images.xcassets */,
				C976D9AF19BD02AD008F21B9 /* Supporting Files */,
			);
			path = SWAGLibrary;
			sourceTree = "<group>";
		};
		C976D9AF19BD02AD008F21B9 /* Supporting Files */ = {
			isa = PBXGroup;
			children = (
				C976D9B019BD02AD008F21B9 /* SWAGLibrary-Info.plist */,
				C976D9B119BD02AD008F21B9 /* InfoPlist.strings */,
				C976D9B419BD02AD008F21B9 /* main.m */,
				C976D9B619BD02AD008F21B9 /* SWAGLibrary-Prefix.pch */,
			);
			name = "Supporting Files";
			sourceTree = "<group>";
		};
		C976D9D019BD02AE008F21B9 /* SWAGLibraryTests */ = {
			isa = PBXGroup;
			children = (
				C976D9D619BD02AE008F21B9 /* SWAGLibraryTests.m */,
				C976D9D119BD02AE008F21B9 /* Supporting Files */,
			);
			path = SWAGLibraryTests;
			sourceTree = "<group>";
		};
		C976D9D119BD02AE008F21B9 /* Supporting Files */ = {
			isa = PBXGroup;
			children = (
				C976D9D219BD02AE008F21B9 /* SWAGLibraryTests-Info.plist */,
				C976D9D319BD02AE008F21B9 /* InfoPlist.strings */,
			);
			name = "Supporting Files";
			sourceTree = "<group>";
		};
/* End PBXGroup section */

/* Begin PBXNativeTarget section */
		C976D9A419BD02AD008F21B9 /* SWAGLibrary */ = {
			isa = PBXNativeTarget;
			buildConfigurationList = C976D9DA19BD02AE008F21B9 /* Build configuration list for PBXNativeTarget "SWAGLibrary" */;
			buildPhases = (
				C976D9A119BD02AD008F21B9 /* Sources */,
				C976D9A219BD02AD008F21B9 /* Frameworks */,
				C976D9A319BD02AD008F21B9 /* Resources */,
			);
			buildRules = (
			);
			dependencies = (
			);
			name = SWAGLibrary;
			productName = SWAGLibrary;
			productReference = C976D9A519BD02AD008F21B9 /* SWAGLibrary.app */;
			productType = "com.apple.product-type.application";
		};
		C976D9C819BD02AE008F21B9 /* SWAGLibraryTests */ = {
			isa = PBXNativeTarget;
			buildConfigurationList = C976D9DD19BD02AE008F21B9 /* Build configuration list for PBXNativeTarget "SWAGLibraryTests" */;
			buildPhases = (
				C976D9C519BD02AE008F21B9 /* Sources */,
				C976D9C619BD02AE008F21B9 /* Frameworks */,
				C976D9C719BD02AE008F21B9 /* Resources */,
			);
			buildRules = (
			);
			dependencies = (
				C976D9CF19BD02AE008F21B9 /* PBXTargetDependency */,
			);
			name = SWAGLibraryTests;
			productName = SWAGLibraryTests;
			productReference = C976D9C919BD02AE008F21B9 /* SWAGLibraryTests.xctest */;
			productType = "com.apple.product-type.bundle.unit-test";
		};
/* End PBXNativeTarget section */

/* Begin PBXProject section */
		C976D99D19BD02AD008F21B9 /* Project object */ = {
			isa = PBXProject;
			attributes = {
				CLASSPREFIX = MPS;
				LastUpgradeCheck = 0510;
				ORGANIZATIONNAME = MPSurowiec;
				TargetAttributes = {
					C976D9C819BD02AE008F21B9 = {
						TestTargetID = C976D9A419BD02AD008F21B9;
					};
				};
			};
			buildConfigurationList = C976D9A019BD02AD008F21B9 /* Build configuration list for PBXProject "SWAGLibrary" */;
			compatibilityVersion = "Xcode 3.2";
			developmentRegion = English;
			hasScannedForEncodings = 0;
			knownRegions = (
				en,
				Base,
			);
			mainGroup = C976D99C19BD02AD008F21B9;
			productRefGroup = C976D9A619BD02AD008F21B9 /* Products */;
			projectDirPath = "";
			projectRoot = "";
			targets = (
				C976D9A419BD02AD008F21B9 /* SWAGLibrary */,
				C976D9C819BD02AE008F21B9 /* SWAGLibraryTests */,
			);
		};
/* End PBXProject section */

/* Begin PBXResourcesBuildPhase section */
		C976D9A319BD02AD008F21B9 /* Resources */ = {
			isa = PBXResourcesBuildPhase;
			buildActionMask = 2147483647;
			files = (
				C976D9BF19BD02AD008F21B9 /* Main_iPad.storyboard in Resources */,
				C976D9C419BD02AD008F21B9 /* Images.xcassets in Resources */,
				C976D9BC19BD02AD008F21B9 /* Main_iPhone.storyboard in Resources */,
				C976D9B319BD02AD008F21B9 /* InfoPlist.strings in Resources */,
			);
			runOnlyForDeploymentPostprocessing = 0;
		};
		C976D9C719BD02AE008F21B9 /* Resources */ = {
			isa = PBXResourcesBuildPhase;
			buildActionMask = 2147483647;
			files = (
				C976D9D519BD02AE008F21B9 /* InfoPlist.strings in Resources */,
			);
			runOnlyForDeploymentPostprocessing = 0;
		};
/* End PBXResourcesBuildPhase section */

/* Begin PBXSourcesBuildPhase section */
		C976D9A119BD02AD008F21B9 /* Sources */ = {
			isa = PBXSourcesBuildPhase;
			buildActionMask = 2147483647;
			files = (
				C976D9B519BD02AD008F21B9 /* main.m in Sources */,
				C976D9B919BD02AD008F21B9 /* MPSAppDelegate.m in Sources */,
				C976D9C219BD02AD008F21B9 /* MPSViewController.m in Sources */,
			);
			runOnlyForDeploymentPostprocessing = 0;
		};
		C976D9C519BD02AE008F21B9 /* Sources */ = {
			isa = PBXSourcesBuildPhase;
			buildActionMask = 2147483647;
			files = (
				C976D9D719BD02AE008F21B9 /* SWAGLibraryTests.m in Sources */,
			);
			runOnlyForDeploymentPostprocessing = 0;
		};
/* End PBXSourcesBuildPhase section */

/* Begin PBXTargetDependency section */
		C976D9CF19BD02AE008F21B9 /* PBXTargetDependency */ = {
			isa = PBXTargetDependency;
			target = C976D9A419BD02AD008F21B9 /* SWAGLibrary */;
			targetProxy = C976D9CE19BD02AE008F21B9 /* PBXContainerItemProxy */;
		};
/* End PBXTargetDependency section */

/* Begin PBXVariantGroup section */
		C976D9B119BD02AD008F21B9 /* InfoPlist.strings */ = {
			isa = PBXVariantGroup;
			children = (
				C976D9B219BD02AD008F21B9 /* en */,
			);
			name = InfoPlist.strings;
			sourceTree = "<group>";
		};
		C976D9BA19BD02AD008F21B9 /* Main_iPhone.storyboard */ = {
			isa = PBXVariantGroup;
			children = (
				C976D9BB19BD02AD008F21B9 /* Base */,
			);
			name = Main_iPhone.storyboard;
			sourceTree = "<group>";
		};
		C976D9BD19BD02AD008F21B9 /* Main_iPad.storyboard */ = {
			isa = PBXVariantGroup;
			children = (
				C976D9BE19BD02AD008F21B9 /* Base */,
			);
			name = Main_iPad.storyboard;
			sourceTree = "<group>";
		};
		C976D9D319BD02AE008F21B9 /* InfoPlist.strings */ = {
			isa = PBXVariantGroup;
			children = (
				C976D9D419BD02AE008F21B9 /* en */,
			);
			name = InfoPlist.strings;
			sourceTree = "<group>";
		};
/* End PBXVariantGroup section */

/* Begin XCBuildConfiguration section */
		C976D9D819BD02AE008F21B9 /* Debug */ = {
			isa = XCBuildConfiguration;
			buildSettings = {
				ALWAYS_SEARCH_USER_PATHS = NO;
				CLANG_CXX_LANGUAGE_STANDARD = "gnu++0x";
				CLANG_CXX_LIBRARY = "libc++";
				CLANG_ENABLE_MODULES = YES;
				CLANG_ENABLE_OBJC_ARC = YES;
				CLANG_WARN_BOOL_CONVERSION = YES;
				CLANG_WARN_CONSTANT_CONVERSION = YES;
				CLANG_WARN_DIRECT_OBJC_ISA_USAGE = YES_ERROR;
				CLANG_WARN_EMPTY_BODY = YES;
				CLANG_WARN_ENUM_CONVERSION = YES;
				CLANG_WARN_INT_CONVERSION = YES;
				CLANG_WARN_OBJC_ROOT_CLASS = YES_ERROR;
				CLANG_WARN__DUPLICATE_METHOD_MATCH = YES;
				"CODE_SIGN_IDENTITY[sdk=iphoneos*]" = "iPhone Developer";
				COPY_PHASE_STRIP = NO;
				GCC_C_LANGUAGE_STANDARD = gnu99;
				GCC_DYNAMIC_NO_PIC = NO;
				GCC_OPTIMIZATION_LEVEL = 0;
				GCC_PREPROCESSOR_DEFINITIONS = (
					"DEBUG=1",
					"$(inherited)",
				);
				GCC_SYMBOLS_PRIVATE_EXTERN = NO;
				GCC_WARN_64_TO_32_BIT_CONVERSION = YES;
				GCC_WARN_ABOUT_RETURN_TYPE = YES_ERROR;
				GCC_WARN_UNDECLARED_SELECTOR = YES;
				GCC_WARN_UNINITIALIZED_AUTOS = YES_AGGRESSIVE;
				GCC_WARN_UNUSED_FUNCTION = YES;
				GCC_WARN_UNUSED_VARIABLE = YES;
				IPHONEOS_DEPLOYMENT_TARGET = 7.1;
				ONLY_ACTIVE_ARCH = YES;
				SDKROOT = iphoneos;
				TARGETED_DEVICE_FAMILY = "1,2";
			};
			name = Debug;
		};
		C976D9D919BD02AE008F21B9 /* Release */ = {
			isa = XCBuildConfiguration;
			buildSettings = {
				ALWAYS_SEARCH_USER_PATHS = NO;
				CLANG_CXX_LANGUAGE_STANDARD = "gnu++0x";
				CLANG_CXX_LIBRARY = "libc++";
				CLANG_ENABLE_MODULES = YES;
				CLANG_ENABLE_OBJC_ARC = YES;
				CLANG_WARN_BOOL_CONVERSION = YES;
				CLANG_WARN_CONSTANT_CONVERSION = YES;
				CLANG_WARN_DIRECT_OBJC_ISA_USAGE = YES_ERROR;
				CLANG_WARN_EMPTY_BODY = YES;
				CLANG_WARN_ENUM_CONVERSION = YES;
				CLANG_WARN_INT_CONVERSION = YES;
				CLANG_WARN_OBJC_ROOT_CLASS = YES_ERROR;
				CLANG_WARN__DUPLICATE_METHOD_MATCH = YES;
				"CODE_SIGN_IDENTITY[sdk=iphoneos*]" = "iPhone Developer";
				COPY_PHASE_STRIP = YES;
				ENABLE_NS_ASSERTIONS = NO;
				GCC_C_LANGUAGE_STANDARD = gnu99;
				GCC_WARN_64_TO_32_BIT_CONVERSION = YES;
				GCC_WARN_ABOUT_RETURN_TYPE = YES_ERROR;
				GCC_WARN_UNDECLARED_SELECTOR = YES;
				GCC_WARN_UNINITIALIZED_AUTOS = YES_AGGRESSIVE;
				GCC_WARN_UNUSED_FUNCTION = YES;
				GCC_WARN_UNUSED_VARIABLE = YES;
				IPHONEOS_DEPLOYMENT_TARGET = 7.1;
				SDKROOT = iphoneos;
				TARGETED_DEVICE_FAMILY = "1,2";
				VALIDATE_PRODUCT = YES;
			};
			name = Release;
		};
		C976D9DB19BD02AE008F21B9 /* Debug */ = {
			isa = XCBuildConfiguration;
			buildSettings = {
				ASSETCATALOG_COMPILER_APPICON_NAME = AppIcon;
				ASSETCATALOG_COMPILER_LAUNCHIMAGE_NAME = LaunchImage;
				GCC_PRECOMPILE_PREFIX_HEADER = YES;
				GCC_PREFIX_HEADER = "SWAGLibrary/SWAGLibrary-Prefix.pch";
				INFOPLIST_FILE = "SWAGLibrary/SWAGLibrary-Info.plist";
				PRODUCT_NAME = "$(TARGET_NAME)";
				WRAPPER_EXTENSION = app;
			};
			name = Debug;
		};
		C976D9DC19BD02AE008F21B9 /* Release */ = {
			isa = XCBuildConfiguration;
			buildSettings = {
				ASSETCATALOG_COMPILER_APPICON_NAME = AppIcon;
				ASSETCATALOG_COMPILER_LAUNCHIMAGE_NAME = LaunchImage;
				GCC_PRECOMPILE_PREFIX_HEADER = YES;
				GCC_PREFIX_HEADER = "SWAGLibrary/SWAGLibrary-Prefix.pch";
				INFOPLIST_FILE = "SWAGLibrary/SWAGLibrary-Info.plist";
				PRODUCT_NAME = "$(TARGET_NAME)";
				WRAPPER_EXTENSION = app;
			};
			name = Release;
		};
		C976D9DE19BD02AE008F21B9 /* Debug */ = {
			isa = XCBuildConfiguration;
			buildSettings = {
				BUNDLE_LOADER = "$(BUILT_PRODUCTS_DIR)/SWAGLibrary.app/SWAGLibrary";
				FRAMEWORK_SEARCH_PATHS = (
					"$(SDKROOT)/Developer/Library/Frameworks",
					"$(inherited)",
					"$(DEVELOPER_FRAMEWORKS_DIR)",
				);
				GCC_PRECOMPILE_PREFIX_HEADER = YES;
				GCC_PREFIX_HEADER = "SWAGLibrary/SWAGLibrary-Prefix.pch";
				GCC_PREPROCESSOR_DEFINITIONS = (
					"DEBUG=1",
					"$(inherited)",
				);
				INFOPLIST_FILE = "SWAGLibraryTests/SWAGLibraryTests-Info.plist";
				PRODUCT_NAME = "$(TARGET_NAME)";
				TEST_HOST = "$(BUNDLE_LOADER)";
				WRAPPER_EXTENSION = xctest;
			};
			name = Debug;
		};
		C976D9DF19BD02AE008F21B9 /* Release */ = {
			isa = XCBuildConfiguration;
			buildSettings = {
				BUNDLE_LOADER = "$(BUILT_PRODUCTS_DIR)/SWAGLibrary.app/SWAGLibrary";
				FRAMEWORK_SEARCH_PATHS = (
					"$(SDKROOT)/Developer/Library/Frameworks",
					"$(inherited)",
					"$(DEVELOPER_FRAMEWORKS_DIR)",
				);
				GCC_PRECOMPILE_PREFIX_HEADER = YES;
				GCC_PREFIX_HEADER = "SWAGLibrary/SWAGLibrary-Prefix.pch";
				INFOPLIST_FILE = "SWAGLibraryTests/SWAGLibraryTests-Info.plist";
				PRODUCT_NAME = "$(TARGET_NAME)";
				TEST_HOST = "$(BUNDLE_LOADER)";
				WRAPPER_EXTENSION = xctest;
			};
			name = Release;
		};
/* End XCBuildConfiguration section */

/* Begin XCConfigurationList section */
		C976D9A019BD02AD008F21B9 /* Build configuration list for PBXProject "SWAGLibrary" */ = {
			isa = XCConfigurationList;
			buildConfigurations = (
				C976D9D819BD02AE008F21B9 /* Debug */,
				C976D9D919BD02AE008F21B9 /* Release */,
			);
			defaultConfigurationIsVisible = 0;
			defaultConfigurationName = Release;
		};
		C976D9DA19BD02AE008F21B9 /* Build configuration list for PBXNativeTarget "SWAGLibrary" */ = {
			isa = XCConfigurationList;
			buildConfigurations = (
				C976D9DB19BD02AE008F21B9 /* Debug */,
				C976D9DC19BD02AE008F21B9 /* Release */,
			);
			defaultConfigurationIsVisible = 0;
		};
		C976D9DD19BD02AE008F21B9 /* Build configuration list for PBXNativeTarget "SWAGLibraryTests" */ = {
			isa = XCConfigurationList;
			buildConfigurations = (
				C976D9DE19BD02AE008F21B9 /* Debug */,
				C976D9DF19BD02AE008F21B9 /* Release */,
			);
			defaultConfigurationIsVisible = 0;
		};
/* End XCConfigurationList section */
	};
	rootObject = C976D99D19BD02AD008F21B9 /* Project object */;
}
